
Microsoft Visual Studio Solution File, Format Version 12.00
# Visual Studio Version 17
VisualStudioVersion = 17.9.34728.123
MinimumVisualStudioVersion = 10.0.40219.1
Project("{FAE04EC0-301F-11D3-BF4B-00C04F79EFBC}") = "ConsoleApp1", "ConsoleApp1\ConsoleApp1.csproj", "{6A6E7731-A459-4492-85DA-D41460E9F7FD}"
EndProject
Global
	GlobalSection(SolutionConfigurationPlatforms) = preSolution
		Debug|Any CPU = Debug|Any CPU
		Release|Any CPU = Release|Any CPU
	EndGlobalSection
	GlobalSection(ProjectConfigurationPlatforms) = postSolution
		{6A6E7731-A459-4492-85DA-D41460E9F7FD}.Debug|Any CPU.ActiveCfg = Debug|Any CPU
		{6A6E7731-A459-4492-85DA-D41460E9F7FD}.Debug|Any CPU.Build.0 = Debug|Any CPU
		{6A6E7731-A459-4492-85DA-D41460E9F7FD}.Release|Any CPU.ActiveCfg = Release|Any CPU
		{6A6E7731-A459-4492-85DA-D41460E9F7FD}.Release|Any CPU.Build.0 = Release|Any CPU
	EndGlobalSection
	GlobalSection(SolutionProperties) = preSolution
		HideSolutionNode = FALSE
	EndGlobalSection
	GlobalSection(ExtensibilityGlobals) = postSolution
		SolutionGuid = {E3F28E81-6499-4ECF-A3A6-FDE65EF36C09}
	EndGlobalSection
EndGlobal
